# @generated by Move, please check-in and do not edit manually.

[move]
version = 2
manifest_digest = "DBDF0B240A7CDCA0AE407F1B829142BE22FB25835A23E4C6644CB6682A9BE2F8"
deps_digest = "F8BBB0CCB2491CA29A3DF03D6F92277A4F3574266507ACD77214D37ECA3F3082"
dependencies = [
  { name = "Sui" },
]

[[move.package]]
name = "MoveStdlib"
source = { git = "https://github.com/MystenLabs/sui.git", rev = "framework/testnet", subdir = "crates/sui-framework/packages/move-stdlib" }

[[move.package]]
name = "Sui"
source = { git = "https://github.com/MystenLabs/sui.git", rev = "framework/testnet", subdir = "crates/sui-framework/packages/sui-framework" }

dependencies = [
  { name = "MoveStdlib" },
]

[move.toolchain-version]
compiler-version = "1.26.0"
edition = "2024.beta"
flavor = "sui"

[env]

[env.testnet]
chain-id = "4c78adac"
original-published-id = "0x20921a277f91d969f1e53f3803875e3260b90308648f96c244b02a133dd14484"
latest-published-id = "0x20921a277f91d969f1e53f3803875e3260b90308648f96c244b02a133dd14484"
published-version = "1"

[env.devnet]
chain-id = "ddb98719"
original-published-id = "0x3412c791c5f2c657010394f70b861158642f91cbe224c4ba550f4199f3a7c7e9"
latest-published-id = "0x3412c791c5f2c657010394f70b861158642f91cbe224c4ba550f4199f3a7c7e9"
published-version = "1"
