# @generated by Move, please check-in and do not edit manually.

[move]
version = 2
manifest_digest = "DBDF0B240A7CDCA0AE407F1B829142BE22FB25835A23E4C6644CB6682A9BE2F8"
deps_digest = "F8BBB0CCB2491CA29A3DF03D6F92277A4F3574266507ACD77214D37ECA3F3082"
dependencies = [
  { name = "Sui" },
]

[[move.package]]
name = "MoveStdlib"
source = { git = "https://github.com/MystenLabs/sui.git", rev = "framework/testnet", subdir = "crates/sui-framework/packages/move-stdlib" }

[[move.package]]
name = "Sui"
source = { git = "https://github.com/MystenLabs/sui.git", rev = "framework/testnet", subdir = "crates/sui-framework/packages/sui-framework" }

dependencies = [
  { name = "MoveStdlib" },
]

[move.toolchain-version]
compiler-version = "1.26.0"
edition = "2024.beta"
flavor = "sui"

[env]

[env.testnet]
chain-id = "4c78adac"
original-published-id = "0x20921a277f91d969f1e53f3803875e3260b90308648f96c244b02a133dd14484"
latest-published-id = "0x20921a277f91d969f1e53f3803875e3260b90308648f96c244b02a133dd14484"
published-version = "1"

[env.devnet]
chain-id = "bd665407"
original-published-id = "0x11c571d31cbaa5c5f6a64a68024a5b657373c60a51a79c90a431c3450b4300ae"
latest-published-id = "0x11c571d31cbaa5c5f6a64a68024a5b657373c60a51a79c90a431c3450b4300ae"
published-version = "1"
